schema: '2.0'
stages:
  prepare:
    cmd: python src/prepare.py
    deps:
    - path: data/raw
      hash: md5
      md5: acea4ade86eb8fd60da95cef65abd6cb.dir
      size: 16561535
      nfiles: 200
    - path: src/prepare.py
      hash: md5
      md5: 96ded8df7384a6951b3510b06fa16de2
      size: 1475
    params:
      params.yaml:
        prepare:
          test_size: 0.2
          random_state: 42
    outs:
    - path: data/processed
      hash: md5
      md5: fd3f6c5aa495d6d8fd20e86582163212.dir
      size: 922622
      nfiles: 200
  train:
    cmd: python src/train.py
    deps:
    - path: data/augmented
      hash: md5
      md5: ff22a197bd1e0ccb7de20bd087a213b0.dir
      size: 2283274
      nfiles: 480
    - path: src/train.py
      hash: md5
      md5: 71f02e00b00077403846c183e0b81841
      size: 2393
    params:
      params.yaml:
        train:
          model_type: mobilenet_v2
          epochs: 5
          batch_size: 16
          lr: 0.001
          img_size: 128
    outs:
    - path: models/model.pt
      hash: md5
      md5: 51024a0a7dddeab5bcc571cf2d7a7069
      size: 9129163
  evaluate:
    cmd: python src/evaluate.py
    deps:
    - path: data/processed
      hash: md5
      md5: fd3f6c5aa495d6d8fd20e86582163212.dir
      size: 922622
      nfiles: 200
    - path: models/model.pt
      hash: md5
      md5: 51024a0a7dddeab5bcc571cf2d7a7069
      size: 9129163
    - path: src/evaluate.py
      hash: md5
      md5: 2df741643652e32b774504210ca4e5df
      size: 1727
    params:
      params.yaml:
        train:
          model_type: mobilenet_v2
          epochs: 5
          batch_size: 16
          lr: 0.001
          img_size: 128
    outs:
    - path: metrics.json
      hash: md5
      md5: 31abf86fd8e8dd4205a2c9b35ef95289
      size: 94
  augment:
    cmd: python src/augment.py
    deps:
    - path: data/processed
      hash: md5
      md5: fd3f6c5aa495d6d8fd20e86582163212.dir
      size: 922622
      nfiles: 200
    - path: src/augment.py
      hash: md5
      md5: b522c66be2cbee8229d5db648c2e9170
      size: 2091
    params:
      params.yaml:
        augment:
          num_copies: 2
          rotation_degrees: 15
    outs:
    - path: data/augmented
      hash: md5
      md5: ff22a197bd1e0ccb7de20bd087a213b0.dir
      size: 2283274
      nfiles: 480
